
Microsoft Visual Studio Solution File, Format Version 12.00
# Visual Studio Version 17
VisualStudioVersion = 17.2.32505.173
MinimumVisualStudioVersion = 10.0.40219.1
Project("{888888A0-9F3D-457C-B088-3A5042F75D52}") = "Netflix Veri Analizi", "Netflix Veri Analizi\Netflix Veri Analizi.pyproj", "{E6E5CDBC-89FD-41E8-98D2-873EF8BD20E4}"
EndProject
Global
	GlobalSection(SolutionConfigurationPlatforms) = preSolution
		Debug|Any CPU = Debug|Any CPU
		Release|Any CPU = Release|Any CPU
	EndGlobalSection
	GlobalSection(ProjectConfigurationPlatforms) = postSolution
		{E6E5CDBC-89FD-41E8-98D2-873EF8BD20E4}.Debug|Any CPU.ActiveCfg = Debug|Any CPU
		{E6E5CDBC-89FD-41E8-98D2-873EF8BD20E4}.Release|Any CPU.ActiveCfg = Release|Any CPU
	EndGlobalSection
	GlobalSection(SolutionProperties) = preSolution
		HideSolutionNode = FALSE
	EndGlobalSection
	GlobalSection(ExtensibilityGlobals) = postSolution
		SolutionGuid = {D6B110D3-DF3B-4CE5-BE1F-04E2626EC62D}
	EndGlobalSection
EndGlobal
